
Microsoft Visual Studio Solution File, Format Version 12.00
# Visual Studio Version 17
VisualStudioVersion = 17.8.34511.84
MinimumVisualStudioVersion = 10.0.40219.1
Project("{9A19103F-16F7-4668-BE54-9A1E7A4F7556}") = "RegExpChallenge.Api", "RegExpChallenge.Server\RegExpChallenge.Api.csproj", "{987A5932-DC81-4DDF-92D0-0FE550A183C2}"
EndProject
Project("{54A90642-561A-4BB1-A94E-469ADEE60C69}") = "regexpchallenge.client", "regexpchallenge.client\regexpchallenge.client.esproj", "{2BC3D91E-7013-453D-B920-D11C15653EC4}"
EndProject
Project("{9A19103F-16F7-4668-BE54-9A1E7A4F7556}") = "RegExpChallenge.Dal", "RegExpChallenge.Database\RegExpChallenge.Dal.csproj", "{0C3EB229-BA17-40AF-A6C0-46886D0901B3}"
EndProject
Global
	GlobalSection(SolutionConfigurationPlatforms) = preSolution
		Debug|Any CPU = Debug|Any CPU
		Release|Any CPU = Release|Any CPU
	EndGlobalSection
	GlobalSection(ProjectConfigurationPlatforms) = postSolution
		{987A5932-DC81-4DDF-92D0-0FE550A183C2}.Debug|Any CPU.ActiveCfg = Debug|Any CPU
		{987A5932-DC81-4DDF-92D0-0FE550A183C2}.Debug|Any CPU.Build.0 = Debug|Any CPU
		{987A5932-DC81-4DDF-92D0-0FE550A183C2}.Release|Any CPU.ActiveCfg = Release|Any CPU
		{987A5932-DC81-4DDF-92D0-0FE550A183C2}.Release|Any CPU.Build.0 = Release|Any CPU
		{2BC3D91E-7013-453D-B920-D11C15653EC4}.Debug|Any CPU.ActiveCfg = Debug|Any CPU
		{2BC3D91E-7013-453D-B920-D11C15653EC4}.Debug|Any CPU.Build.0 = Debug|Any CPU
		{2BC3D91E-7013-453D-B920-D11C15653EC4}.Debug|Any CPU.Deploy.0 = Debug|Any CPU
		{2BC3D91E-7013-453D-B920-D11C15653EC4}.Release|Any CPU.ActiveCfg = Release|Any CPU
		{2BC3D91E-7013-453D-B920-D11C15653EC4}.Release|Any CPU.Build.0 = Release|Any CPU
		{2BC3D91E-7013-453D-B920-D11C15653EC4}.Release|Any CPU.Deploy.0 = Release|Any CPU
		{0C3EB229-BA17-40AF-A6C0-46886D0901B3}.Debug|Any CPU.ActiveCfg = Debug|Any CPU
		{0C3EB229-BA17-40AF-A6C0-46886D0901B3}.Debug|Any CPU.Build.0 = Debug|Any CPU
		{0C3EB229-BA17-40AF-A6C0-46886D0901B3}.Release|Any CPU.ActiveCfg = Release|Any CPU
		{0C3EB229-BA17-40AF-A6C0-46886D0901B3}.Release|Any CPU.Build.0 = Release|Any CPU
	EndGlobalSection
	GlobalSection(SolutionProperties) = preSolution
		HideSolutionNode = FALSE
	EndGlobalSection
	GlobalSection(ExtensibilityGlobals) = postSolution
		SolutionGuid = {39F5ACE1-81FE-4CBC-80AF-7D0AD48E43D6}
	EndGlobalSection
EndGlobal
